{
  "_about": "Pinned PUBLIC datasets for the spec-decode benefit matrix (#652). Regenerate with Scripts/benchmark/prep_<key>.sh. content_sha256 is the no-cherrypick proof: re-emission of the pinned revision must reproduce count + hash.",
  "datasets": {
    "cnndm": {
      "bound": "full",
      "bound_rationale": "Full 11490-article 3.0.0 test split emitted. No published smaller standard subset exists, so the FULL split is the prompt set; runtime coverage is bounded+disclosed by the harness MAX_PROMPTS cap, not by a prep-time pick.",
      "category": "summarize",
      "citation": "Hermann et al. (2015) / See et al. (2017). CNN/DailyMail 3.0.0.",
      "config": "3.0.0",
      "content_sha256": "74a75c4281a920c050160f70bcb22f4e7f91ecd413c460372dc2ae8a0e772775",
      "count": 11490,
      "hf_repo": "abisee/cnn_dailymail",
      "license": "apache-2.0",
      "revision": "96df5e686bee6baa90b8bee7c28b81fa3fa6223d",
      "splits": [
        "test"
      ],
      "think": false
    },
    "gsm8k": {
      "bound": "full",
      "bound_rationale": "Full canonical 1319-problem test split; Qwen3 thinking ON.",
      "category": "reasoning",
      "citation": "Cobbe et al., Training Verifiers to Solve Math Word Problems (2021).",
      "config": "main",
      "content_sha256": "a707ef959c8ee9e64e9a3cb12581b1716e7a24c3a5204777a648abf94fc8d800",
      "count": 1319,
      "grader": "gsm8k_numeric",
      "hf_repo": "openai/gsm8k",
      "license": "mit",
      "revision": "740312add88f781978c0658806c59bc2815b9866",
      "splits": [
        "test"
      ],
      "think": true
    },
    "humaneval": {
      "bound": "full",
      "bound_rationale": "Full canonical 164-problem test split.",
      "category": "code",
      "citation": "Chen et al., Evaluating LLMs Trained on Code (2021). 164 problems.",
      "config": null,
      "content_sha256": "14c41c44283b8bbf000369b42450aaf59f96e6a8071275af6d683d3bc4eaee84",
      "count": 164,
      "grader": "humaneval_exec",
      "hf_repo": "openai/openai_humaneval",
      "license": "mit",
      "revision": "7dce6050a7d6d172f3cc5c32aa97f52fa1a2e544",
      "splits": [
        "test"
      ],
      "think": false
    },
    "jsonschema": {
      "bound": "full",
      "bound_rationale": "Full `default`-config test split.",
      "category": "structured",
      "citation": "Geng et al., JSONSchemaBench (2025). default config, test split.",
      "config": "default",
      "content_sha256": "f8e6a89b3c6c6355323e0a74d77203e62d1dd56ef94ada579dcaa088d5dac9dd",
      "count": 2867,
      "grader": "jsonschema_validate",
      "hf_repo": "epfl-dlab/JSONSchemaBench",
      "license": "mit",
      "revision": "5bd0f4640badc6f3f02df796421d21cb0ca0b141",
      "splits": [
        "test"
      ],
      "think": false
    },
    "mbpp": {
      "bound": "full",
      "bound_rationale": "All four `full`-config splits concatenated in task_id order = 974, the whole MBPP dataset (the ticket's count). No subsetting.",
      "category": "code",
      "citation": "Austin et al., Program Synthesis with Large Language Models (2021).",
      "config": "full",
      "content_sha256": "596b4499ccac0bd90c96b1c7935de23e01ed2773ce5889ebbf7d35c8bcb57317",
      "count": 974,
      "grader": "mbpp_exec",
      "hf_repo": "google-research-datasets/mbpp",
      "license": "cc-by-4.0",
      "revision": "4bb6404fdc6cacfda99d4ac4205087b89d32030c",
      "splits": [
        "train",
        "test",
        "validation",
        "prompt"
      ],
      "think": false
    },
    "mmlu": {
      "bound": "full",
      "bound_rationale": "Full `all` config test split = 14042 multiple-choice questions; A/B/C/D choices are rendered and graded as 1/2/3/4 for ToT numeric-majority scoring.",
      "category": "knowledge",
      "citation": "Hendrycks et al., Measuring Massive Multitask Language Understanding (ICLR 2021).",
      "config": "all",
      "content_sha256": "804fb605f9ed985b942ff59135d6f5999ac419cb65cdd9b91c342494e01c51fc",
      "count": 14042,
      "grader": "mcq_numeric",
      "hf_repo": "cais/mmlu",
      "license": "mit",
      "revision": "c30699e8356da336a370243923dbaf21066bb9fe",
      "splits": [
        "test"
      ],
      "think": true
    },
    "mtbench": {
      "bound": "full",
      "bound_rationale": "Full 80-question set; turn-1 user prompt per question.",
      "category": "chat",
      "citation": "Zheng et al., MT-Bench / LMSYS (NeurIPS 2023). 80 questions.",
      "config": null,
      "content_sha256": "29a6faea6c3b916d48aa277e16389db1d4a9477939ed8df97a8db587e95495ed",
      "count": 80,
      "hf_repo": "HuggingFaceH4/mt_bench_prompts",
      "license": "apache-2.0",
      "revision": "e3a795c5e9a82ee40611c416b8a7786c73198991",
      "splits": [
        "train"
      ],
      "think": false
    }
  }
}
